
Microsoft Visual Studio Solution File, Format Version 12.00
# Visual Studio Version 17
VisualStudioVersion = 17.13.35931.197
MinimumVisualStudioVersion = 10.0.40219.1
Project("{FAE04EC0-301F-11D3-BF4B-00C04F79EFBC}") = "RateLimiter", "RateLimiter\RateLimiter.csproj", "{F2AF176A-4A1F-F27F-D01C-4C87870486C0}"
EndProject
Project("{FAE04EC0-301F-11D3-BF4B-00C04F79EFBC}") = "RateLimiter.Demo", "RateLimiter.Demo\RateLimiter.Demo.csproj", "{AFA93504-016A-0C61-2912-EEFE416B1219}"
EndProject
Project("{FAE04EC0-301F-11D3-BF4B-00C04F79EFBC}") = "RateLimiter.Tests", "RateLimiter.Tests\RateLimiter.Tests.csproj", "{9DBA3B9B-A9A3-4E0E-A632-B5AF0590405E}"
EndProject
Global
	GlobalSection(SolutionConfigurationPlatforms) = preSolution
		Debug|Any CPU = Debug|Any CPU
		Release|Any CPU = Release|Any CPU
	EndGlobalSection
	GlobalSection(ProjectConfigurationPlatforms) = postSolution
		{F2AF176A-4A1F-F27F-D01C-4C87870486C0}.Debug|Any CPU.ActiveCfg = Debug|Any CPU
		{F2AF176A-4A1F-F27F-D01C-4C87870486C0}.Debug|Any CPU.Build.0 = Debug|Any CPU
		{F2AF176A-4A1F-F27F-D01C-4C87870486C0}.Release|Any CPU.ActiveCfg = Release|Any CPU
		{F2AF176A-4A1F-F27F-D01C-4C87870486C0}.Release|Any CPU.Build.0 = Release|Any CPU
		{AFA93504-016A-0C61-2912-EEFE416B1219}.Debug|Any CPU.ActiveCfg = Debug|Any CPU
		{AFA93504-016A-0C61-2912-EEFE416B1219}.Debug|Any CPU.Build.0 = Debug|Any CPU
		{AFA93504-016A-0C61-2912-EEFE416B1219}.Release|Any CPU.ActiveCfg = Release|Any CPU
		{AFA93504-016A-0C61-2912-EEFE416B1219}.Release|Any CPU.Build.0 = Release|Any CPU
		{9DBA3B9B-A9A3-4E0E-A632-B5AF0590405E}.Debug|Any CPU.ActiveCfg = Debug|Any CPU
		{9DBA3B9B-A9A3-4E0E-A632-B5AF0590405E}.Debug|Any CPU.Build.0 = Debug|Any CPU
		{9DBA3B9B-A9A3-4E0E-A632-B5AF0590405E}.Release|Any CPU.ActiveCfg = Release|Any CPU
		{9DBA3B9B-A9A3-4E0E-A632-B5AF0590405E}.Release|Any CPU.Build.0 = Release|Any CPU
	EndGlobalSection
	GlobalSection(SolutionProperties) = preSolution
		HideSolutionNode = FALSE
	EndGlobalSection
	GlobalSection(ExtensibilityGlobals) = postSolution
		SolutionGuid = {3EA051B9-4420-4EFD-924F-3B87F59AB463}
	EndGlobalSection
EndGlobal
